
Microsoft Visual Studio Solution File, Format Version 12.00
# Visual Studio Version 17
VisualStudioVersion = 17.14.36408.4 d17.14
MinimumVisualStudioVersion = 10.0.40219.1
Project("{FAE04EC0-301F-11D3-BF4B-00C04F79EFBC}") = "12_Sentinel_Sum", "12_Sentinel_Sum.csproj", "{32A5C65D-ED22-45AD-AA17-8E079FC281CB}"
EndProject
Global
	GlobalSection(SolutionConfigurationPlatforms) = preSolution
		Debug|Any CPU = Debug|Any CPU
		Release|Any CPU = Release|Any CPU
	EndGlobalSection
	GlobalSection(ProjectConfigurationPlatforms) = postSolution
		{32A5C65D-ED22-45AD-AA17-8E079FC281CB}.Debug|Any CPU.ActiveCfg = Debug|Any CPU
		{32A5C65D-ED22-45AD-AA17-8E079FC281CB}.Debug|Any CPU.Build.0 = Debug|Any CPU
		{32A5C65D-ED22-45AD-AA17-8E079FC281CB}.Release|Any CPU.ActiveCfg = Release|Any CPU
		{32A5C65D-ED22-45AD-AA17-8E079FC281CB}.Release|Any CPU.Build.0 = Release|Any CPU
	EndGlobalSection
	GlobalSection(SolutionProperties) = preSolution
		HideSolutionNode = FALSE
	EndGlobalSection
	GlobalSection(ExtensibilityGlobals) = postSolution
		SolutionGuid = {75698020-06DE-4385-8E22-AF8E0CDB671C}
	EndGlobalSection
EndGlobal
