
Microsoft Visual Studio Solution File, Format Version 12.00
# Visual Studio Version 17
VisualStudioVersion = 17.14.36408.4 d17.14
MinimumVisualStudioVersion = 10.0.40219.1
Project("{FAE04EC0-301F-11D3-BF4B-00C04F79EFBC}") = "05_Digits_Count", "05_Digits_Count.csproj", "{B3FD724A-F20C-4234-9E0A-FA55CF668123}"
EndProject
Global
	GlobalSection(SolutionConfigurationPlatforms) = preSolution
		Debug|Any CPU = Debug|Any CPU
		Release|Any CPU = Release|Any CPU
	EndGlobalSection
	GlobalSection(ProjectConfigurationPlatforms) = postSolution
		{B3FD724A-F20C-4234-9E0A-FA55CF668123}.Debug|Any CPU.ActiveCfg = Debug|Any CPU
		{B3FD724A-F20C-4234-9E0A-FA55CF668123}.Debug|Any CPU.Build.0 = Debug|Any CPU
		{B3FD724A-F20C-4234-9E0A-FA55CF668123}.Release|Any CPU.ActiveCfg = Release|Any CPU
		{B3FD724A-F20C-4234-9E0A-FA55CF668123}.Release|Any CPU.Build.0 = Release|Any CPU
	EndGlobalSection
	GlobalSection(SolutionProperties) = preSolution
		HideSolutionNode = FALSE
	EndGlobalSection
	GlobalSection(ExtensibilityGlobals) = postSolution
		SolutionGuid = {B89BF943-4706-44BD-87B2-9245EA0FBC15}
	EndGlobalSection
EndGlobal
