
Microsoft Visual Studio Solution File, Format Version 12.00
# Visual Studio Version 17
VisualStudioVersion = 17.14.36408.4 d17.14
MinimumVisualStudioVersion = 10.0.40219.1
Project("{FAE04EC0-301F-11D3-BF4B-00C04F79EFBC}") = "18_Chessboard_Pattern", "18_Chessboard_Pattern.csproj", "{36A1C901-17FA-4E79-B009-52A3AC1D0D09}"
EndProject
Global
	GlobalSection(SolutionConfigurationPlatforms) = preSolution
		Debug|Any CPU = Debug|Any CPU
		Release|Any CPU = Release|Any CPU
	EndGlobalSection
	GlobalSection(ProjectConfigurationPlatforms) = postSolution
		{36A1C901-17FA-4E79-B009-52A3AC1D0D09}.Debug|Any CPU.ActiveCfg = Debug|Any CPU
		{36A1C901-17FA-4E79-B009-52A3AC1D0D09}.Debug|Any CPU.Build.0 = Debug|Any CPU
		{36A1C901-17FA-4E79-B009-52A3AC1D0D09}.Release|Any CPU.ActiveCfg = Release|Any CPU
		{36A1C901-17FA-4E79-B009-52A3AC1D0D09}.Release|Any CPU.Build.0 = Release|Any CPU
	EndGlobalSection
	GlobalSection(SolutionProperties) = preSolution
		HideSolutionNode = FALSE
	EndGlobalSection
	GlobalSection(ExtensibilityGlobals) = postSolution
		SolutionGuid = {CE563A0B-B9AC-4B50-B7E0-0C48BE9AB998}
	EndGlobalSection
EndGlobal
